lockfileVersion: '9.0'

settings:
  autoInstallPeers: true
  excludeLinksFromLockfile: false

importers:

  .:
    dependencies:
      '@xue-pnpm/core':
        specifier: workspace:^
        version: link:../core
      chalk:
        specifier: ^5.4.1
        version: 5.4.1
      commander:
        specifier: ^13.0.0
        version: 13.0.0

packages:

  chalk@5.4.1:
    resolution: {integrity: sha512-zgVZuo2WcZgfUEmsn6eO3kINexW8RAE4maiQ8QNs8CtpPCSyMiYsULR3HQYkm3w8FIA3SberyMJMSldGsW+U3w==}
    engines: {node: ^12.17.0 || ^14.13 || >=16.0.0}

  commander@13.0.0:
    resolution: {integrity: sha512-oPYleIY8wmTVzkvQq10AEok6YcTC4sRUBl8F9gVuwchGVUCTbl/vhLTaQqutuuySYOsu8YTgV+OxKc/8Yvx+mQ==}
    engines: {node: '>=18'}

snapshots:

  chalk@5.4.1: {}

  commander@13.0.0: {}
